// !$*UTF8*$!
{
	archiveVersion = 1;
	classes = {
	};
	objectVersion = 77;
	objects = {

/* Begin PBXBuildFile section */
		3209C009D182EC27E84C1730 /* HarnessApp.swift in Sources */ = {isa = PBXBuildFile; fileRef = 317A4B699540A6356DB2D650 /* HarnessApp.swift */; };
		5AB86C0320DA5A663A504746 /* ContentView.swift in Sources */ = {isa = PBXBuildFile; fileRef = 0E3998799A38A09143CDAAB4 /* ContentView.swift */; };
		87D58E072A730F252BF6BC74 /* OntologyKit in Frameworks */ = {isa = PBXBuildFile; productRef = 666FAD7B550ACAF687EBB155 /* OntologyKit */; };
		8CC992E717516E54A4D349D1 /* Theme.swift in Sources */ = {isa = PBXBuildFile; fileRef = 2AF7BA0067010D08CC37F791 /* Theme.swift */; };
		90E7873D3E0445BDA637635D /* OntologyKit in Frameworks */ = {isa = PBXBuildFile; productRef = 60C9BB1EB13A1E98AED1E04C /* OntologyKit */; };
		CA88E37F4F03BF61EAD28D30 /* Assets.xcassets in Resources */ = {isa = PBXBuildFile; fileRef = 4C96628C1A97D1A2BC705B4D /* Assets.xcassets */; };
		E80A940812C8BB3A480A7716 /* HarnessTests.swift in Sources */ = {isa = PBXBuildFile; fileRef = D67E74D19B25B5867A24153A /* HarnessTests.swift */; };
		ECB0FA6B9A135D7D45E46395 /* ChatView.swift in Sources */ = {isa = PBXBuildFile; fileRef = 20A63049431B78420F9A23C2 /* ChatView.swift */; };
/* End PBXBuildFile section */

/* Begin PBXContainerItemProxy section */
		0C32CD341DCF8D856B532BA7 /* PBXContainerItemProxy */ = {
			isa = PBXContainerItemProxy;
			containerPortal = 632666F4A8537121A1E942DC /* Project object */;
			proxyType = 1;
			remoteGlobalIDString = 9CAE8F41437D5C28E2B50B85;
			remoteInfo = Harness;
		};
/* End PBXContainerItemProxy section */

/* Begin PBXFileReference section */
		02B1779FC6C2967DD95AB51A /* OntologyKit */ = {isa = PBXFileReference; lastKnownFileType = folder; name = OntologyKit; path = Packages/OntologyKit; sourceTree = SOURCE_ROOT; };
		0E3998799A38A09143CDAAB4 /* ContentView.swift */ = {isa = PBXFileReference; lastKnownFileType = sourcecode.swift; path = ContentView.swift; sourceTree = "<group>"; };
		20A63049431B78420F9A23C2 /* ChatView.swift */ = {isa = PBXFileReference; lastKnownFileType = sourcecode.swift; path = ChatView.swift; sourceTree = "<group>"; };
		2AF7BA0067010D08CC37F791 /* Theme.swift */ = {isa = PBXFileReference; lastKnownFileType = sourcecode.swift; path = Theme.swift; sourceTree = "<group>"; };
		317A4B699540A6356DB2D650 /* HarnessApp.swift */ = {isa = PBXFileReference; lastKnownFileType = sourcecode.swift; path = HarnessApp.swift; sourceTree = "<group>"; };
		4C96628C1A97D1A2BC705B4D /* Assets.xcassets */ = {isa = PBXFileReference; lastKnownFileType = folder.assetcatalog; path = Assets.xcassets; sourceTree = "<group>"; };
		51494A2D83BE7E2E3326DE6C /* Harness.entitlements */ = {isa = PBXFileReference; lastKnownFileType = text.plist.entitlements; path = Harness.entitlements; sourceTree = "<group>"; };
		9898A7D32835A9381715ED9A /* HarnessTests.xctest */ = {isa = PBXFileReference; includeInIndex = 0; lastKnownFileType = wrapper.cfbundle; path = HarnessTests.xctest; sourceTree = BUILT_PRODUCTS_DIR; };
		D3E473950CF7C898DE998767 /* Harness.app */ = {isa = PBXFileReference; includeInIndex = 0; lastKnownFileType = wrapper.application; path = Harness.app; sourceTree = BUILT_PRODUCTS_DIR; };
		D67E74D19B25B5867A24153A /* HarnessTests.swift */ = {isa = PBXFileReference; lastKnownFileType = sourcecode.swift; path = HarnessTests.swift; sourceTree = "<group>"; };
/* End PBXFileReference section */

/* Begin PBXFrameworksBuildPhase section */
		29B1831165832F0FFEAF42AB /* Frameworks */ = {
			isa = PBXFrameworksBuildPhase;
			buildActionMask = 2147483647;
			files = (
				90E7873D3E0445BDA637635D /* OntologyKit in Frameworks */,
			);
			runOnlyForDeploymentPostprocessing = 0;
		};
		CD0891400EC7CA3E7DCB88CF /* Frameworks */ = {
			isa = PBXFrameworksBuildPhase;
			buildActionMask = 2147483647;
			files = (
				87D58E072A730F252BF6BC74 /* OntologyKit in Frameworks */,
			);
			runOnlyForDeploymentPostprocessing = 0;
		};
/* End PBXFrameworksBuildPhase section */

/* Begin PBXGroup section */
		5803B41021B8D17483A66B13 /* Tests */ = {
			isa = PBXGroup;
			children = (
				71D3D2CF7C806379E7503E5D /* HarnessTests */,
			);
			path = Tests;
			sourceTree = "<group>";
		};
		5A46B0D24AB7DF64B93F488B = {
			isa = PBXGroup;
			children = (
				F2461AF6DDAAD80A1FA23C08 /* Packages */,
				DF000C6D25187DFFEB3D85BD /* Sources */,
				5803B41021B8D17483A66B13 /* Tests */,
				8B9F84DC775F556DAE85C788 /* Products */,
			);
			sourceTree = "<group>";
		};
		71D3D2CF7C806379E7503E5D /* HarnessTests */ = {
			isa = PBXGroup;
			children = (
				D67E74D19B25B5867A24153A /* HarnessTests.swift */,
			);
			path = HarnessTests;
			sourceTree = "<group>";
		};
		8B9F84DC775F556DAE85C788 /* Products */ = {
			isa = PBXGroup;
			children = (
				D3E473950CF7C898DE998767 /* Harness.app */,
				9898A7D32835A9381715ED9A /* HarnessTests.xctest */,
			);
			name = Products;
			sourceTree = "<group>";
		};
		D572E340F5C55298830AAC70 /* Harness */ = {
			isa = PBXGroup;
			children = (
				4C96628C1A97D1A2BC705B4D /* Assets.xcassets */,
				20A63049431B78420F9A23C2 /* ChatView.swift */,
				0E3998799A38A09143CDAAB4 /* ContentView.swift */,
				51494A2D83BE7E2E3326DE6C /* Harness.entitlements */,
				317A4B699540A6356DB2D650 /* HarnessApp.swift */,
				2AF7BA0067010D08CC37F791 /* Theme.swift */,
			);
			path = Harness;
			sourceTree = "<group>";
		};
		DF000C6D25187DFFEB3D85BD /* Sources */ = {
			isa = PBXGroup;
			children = (
				D572E340F5C55298830AAC70 /* Harness */,
			);
			path = Sources;
			sourceTree = "<group>";
		};
		F2461AF6DDAAD80A1FA23C08 /* Packages */ = {
			isa = PBXGroup;
			children = (
				02B1779FC6C2967DD95AB51A /* OntologyKit */,
			);
			path = Packages;
			sourceTree = "<group>";
		};
/* End PBXGroup section */

/* Begin PBXNativeTarget section */
		9CAE8F41437D5C28E2B50B85 /* Harness */ = {
			isa = PBXNativeTarget;
			buildConfigurationList = C6F05FE989F73732C255F5CA /* Build configuration list for PBXNativeTarget "Harness" */;
			buildPhases = (
				093CFC9C0B64433157F91DE8 /* Sources */,
				8FEB3F608FCC41A1DC444FC3 /* Resources */,
				CD0891400EC7CA3E7DCB88CF /* Frameworks */,
			);
			buildRules = (
			);
			dependencies = (
			);
			name = Harness;
			packageProductDependencies = (
				666FAD7B550ACAF687EBB155 /* OntologyKit */,
			);
			productName = Harness;
			productReference = D3E473950CF7C898DE998767 /* Harness.app */;
			productType = "com.apple.product-type.application";
		};
		D3F4CD28060BA8AF31CBC340 /* HarnessTests */ = {
			isa = PBXNativeTarget;
			buildConfigurationList = A150339E1BCB4CEBF06194A2 /* Build configuration list for PBXNativeTarget "HarnessTests" */;
			buildPhases = (
				4667EA076337386947A908EC /* Sources */,
				29B1831165832F0FFEAF42AB /* Frameworks */,
			);
			buildRules = (
			);
			dependencies = (
				BD1CACAC25D6ECC87D6D5A8F /* PBXTargetDependency */,
			);
			name = HarnessTests;
			packageProductDependencies = (
				60C9BB1EB13A1E98AED1E04C /* OntologyKit */,
			);
			productName = HarnessTests;
			productReference = 9898A7D32835A9381715ED9A /* HarnessTests.xctest */;
			productType = "com.apple.product-type.bundle.unit-test";
		};
/* End PBXNativeTarget section */

/* Begin PBXProject section */
		632666F4A8537121A1E942DC /* Project object */ = {
			isa = PBXProject;
			attributes = {
				BuildIndependentTargetsInParallel = YES;
				LastUpgradeCheck = 1430;
				TargetAttributes = {
				};
			};
			buildConfigurationList = EFDC44680DE6372609389CE8 /* Build configuration list for PBXProject "Harness" */;
			developmentRegion = en;
			hasScannedForEncodings = 0;
			knownRegions = (
				Base,
				en,
			);
			mainGroup = 5A46B0D24AB7DF64B93F488B;
			minimizedProjectReferenceProxies = 1;
			packageReferences = (
				48EFD433CA701D287A42151C /* XCLocalSwiftPackageReference "Packages/OntologyKit" */,
			);
			preferredProjectObjectVersion = 77;
			productRefGroup = 8B9F84DC775F556DAE85C788 /* Products */;
			projectDirPath = "";
			projectRoot = "";
			targets = (
				9CAE8F41437D5C28E2B50B85 /* Harness */,
				D3F4CD28060BA8AF31CBC340 /* HarnessTests */,
			);
		};
/* End PBXProject section */

/* Begin PBXResourcesBuildPhase section */
		8FEB3F608FCC41A1DC444FC3 /* Resources */ = {
			isa = PBXResourcesBuildPhase;
			buildActionMask = 2147483647;
			files = (
				CA88E37F4F03BF61EAD28D30 /* Assets.xcassets in Resources */,
			);
			runOnlyForDeploymentPostprocessing = 0;
		};
/* End PBXResourcesBuildPhase section */

/* Begin PBXSourcesBuildPhase section */
		093CFC9C0B64433157F91DE8 /* Sources */ = {
			isa = PBXSourcesBuildPhase;
			buildActionMask = 2147483647;
			files = (
				ECB0FA6B9A135D7D45E46395 /* ChatView.swift in Sources */,
				5AB86C0320DA5A663A504746 /* ContentView.swift in Sources */,
				3209C009D182EC27E84C1730 /* HarnessApp.swift in Sources */,
				8CC992E717516E54A4D349D1 /* Theme.swift in Sources */,
			);
			runOnlyForDeploymentPostprocessing = 0;
		};
		4667EA076337386947A908EC /* Sources */ = {
			isa = PBXSourcesBuildPhase;
			buildActionMask = 2147483647;
			files = (
				E80A940812C8BB3A480A7716 /* HarnessTests.swift in Sources */,
			);
			runOnlyForDeploymentPostprocessing = 0;
		};
/* End PBXSourcesBuildPhase section */

/* Begin PBXTargetDependency section */
		BD1CACAC25D6ECC87D6D5A8F /* PBXTargetDependency */ = {
			isa = PBXTargetDependency;
			target = 9CAE8F41437D5C28E2B50B85 /* Harness */;
			targetProxy = 0C32CD341DCF8D856B532BA7 /* PBXContainerItemProxy */;
		};
/* End PBXTargetDependency section */

/* Begin XCBuildConfiguration section */
		26A7E8C4A6E878110EB346AB /* Debug */ = {
			isa = XCBuildConfiguration;
			buildSettings = {
				ALWAYS_SEARCH_USER_PATHS = NO;
				CLANG_ANALYZER_NONNULL = YES;
				CLANG_ANALYZER_NUMBER_OBJECT_CONVERSION = YES_AGGRESSIVE;
				CLANG_CXX_LANGUAGE_STANDARD = "gnu++14";
				CLANG_CXX_LIBRARY = "libc++";
				CLANG_ENABLE_MODULES = YES;
				CLANG_ENABLE_OBJC_ARC = YES;
				CLANG_ENABLE_OBJC_WEAK = YES;
				CLANG_WARN_BLOCK_CAPTURE_AUTORELEASING = YES;
				CLANG_WARN_BOOL_CONVERSION = YES;
				CLANG_WARN_COMMA = YES;
				CLANG_WARN_CONSTANT_CONVERSION = YES;
				CLANG_WARN_DEPRECATED_OBJC_IMPLEMENTATIONS = YES;
				CLANG_WARN_DIRECT_OBJC_ISA_USAGE = YES_ERROR;
				CLANG_WARN_DOCUMENTATION_COMMENTS = YES;
				CLANG_WARN_EMPTY_BODY = YES;
				CLANG_WARN_ENUM_CONVERSION = YES;
				CLANG_WARN_INFINITE_RECURSION = YES;
				CLANG_WARN_INT_CONVERSION = YES;
				CLANG_WARN_NON_LITERAL_NULL_CONVERSION = YES;
				CLANG_WARN_OBJC_IMPLICIT_RETAIN_SELF = YES;
				CLANG_WARN_OBJC_LITERAL_CONVERSION = YES;
				CLANG_WARN_OBJC_ROOT_CLASS = YES_ERROR;
				CLANG_WARN_QUOTED_INCLUDE_IN_FRAMEWORK_HEADER = YES;
				CLANG_WARN_RANGE_LOOP_ANALYSIS = YES;
				CLANG_WARN_STRICT_PROTOTYPES = YES;
				CLANG_WARN_SUSPICIOUS_MOVE = YES;
				CLANG_WARN_UNGUARDED_AVAILABILITY = YES_AGGRESSIVE;
				CLANG_WARN_UNREACHABLE_CODE = YES;
				CLANG_WARN__DUPLICATE_METHOD_MATCH = YES;
				COPY_PHASE_STRIP = NO;
				DEBUG_INFORMATION_FORMAT = dwarf;
				ENABLE_STRICT_OBJC_MSGSEND = YES;
				ENABLE_TESTABILITY = YES;
				GCC_C_LANGUAGE_STANDARD = gnu11;
				GCC_DYNAMIC_NO_PIC = NO;
				GCC_NO_COMMON_BLOCKS = YES;
				GCC_OPTIMIZATION_LEVEL = 0;
				GCC_PREPROCESSOR_DEFINITIONS = (
					"$(inherited)",
					"DEBUG=1",
				);
				GCC_WARN_64_TO_32_BIT_CONVERSION = YES;
				GCC_WARN_ABOUT_RETURN_TYPE = YES_ERROR;
				GCC_WARN_UNDECLARED_SELECTOR = YES;
				GCC_WARN_UNINITIALIZED_AUTOS = YES_AGGRESSIVE;
				GCC_WARN_UNUSED_FUNCTION = YES;
				GCC_WARN_UNUSED_VARIABLE = YES;
				IPHONEOS_DEPLOYMENT_TARGET = 17.0;
				MACOSX_DEPLOYMENT_TARGET = 14.0;
				MTL_ENABLE_DEBUG_INFO = INCLUDE_SOURCE;
				MTL_FAST_MATH = YES;
				ONLY_ACTIVE_ARCH = YES;
				PRODUCT_NAME = "$(TARGET_NAME)";
				SDKROOT = auto;
				SWIFT_ACTIVE_COMPILATION_CONDITIONS = DEBUG;
				SWIFT_OPTIMIZATION_LEVEL = "-Onone";
				SWIFT_VERSION = 5.0;
			};
			name = Debug;
		};
		3801847D37DBC7ABC9DE5931 /* Release */ = {
			isa = XCBuildConfiguration;
			buildSettings = {
				ASSETCATALOG_COMPILER_APPICON_NAME = AppIcon;
				ASSETCATALOG_COMPILER_GLOBAL_ACCENT_COLOR_NAME = AccentColor;
				CODE_SIGNING_ALLOWED = NO;
				CODE_SIGN_ENTITLEMENTS = Sources/Harness/Harness.entitlements;
				CODE_SIGN_IDENTITY = "iPhone Developer";
				CURRENT_PROJECT_VERSION = 1;
				ENABLE_PREVIEWS = YES;
				GENERATE_INFOPLIST_FILE = YES;
				INFOPLIST_FILE = Generated/Info.plist;
				LD_RUNPATH_SEARCH_PATHS = (
					"$(inherited)",
					"@executable_path/Frameworks",
				);
				MARKETING_VERSION = 1.0;
				PRODUCT_BUNDLE_IDENTIFIER = com.adamblair.Harness;
				SDKROOT = auto;
				SUPPORTED_PLATFORMS = "iphoneos iphonesimulator macosx";
				SUPPORTS_MACCATALYST = NO;
				SUPPORTS_MAC_DESIGNED_FOR_IPHONE_IPAD = NO;
				SUPPORTS_XR_DESIGNED_FOR_IPHONE_IPAD = YES;
				SWIFT_VERSION = 5.9;
				TARGETED_DEVICE_FAMILY = "1,2";
			};
			name = Release;
		};
		710D9584F235CD31C13ABB0B /* Debug */ = {
			isa = XCBuildConfiguration;
			buildSettings = {
				BUNDLE_LOADER = "$(TEST_HOST)";
				LD_RUNPATH_SEARCH_PATHS = (
					"$(inherited)",
					"@executable_path/Frameworks",
					"@loader_path/Frameworks",
				);
				PRODUCT_BUNDLE_IDENTIFIER = com.adamblair.HarnessTests;
				SDKROOT = auto;
				SUPPORTED_PLATFORMS = "iphoneos iphonesimulator macosx";
				SUPPORTS_MACCATALYST = NO;
				SUPPORTS_MAC_DESIGNED_FOR_IPHONE_IPAD = NO;
				SUPPORTS_XR_DESIGNED_FOR_IPHONE_IPAD = YES;
				TARGETED_DEVICE_FAMILY = "1,2";
				TEST_HOST = "$(BUILT_PRODUCTS_DIR)/Harness.app/Harness";
			};
			name = Debug;
		};
		7738416D11E0E2BC18A32893 /* Release */ = {
			isa = XCBuildConfiguration;
			buildSettings = {
				BUNDLE_LOADER = "$(TEST_HOST)";
				LD_RUNPATH_SEARCH_PATHS = (
					"$(inherited)",
					"@executable_path/Frameworks",
					"@loader_path/Frameworks",
				);
				PRODUCT_BUNDLE_IDENTIFIER = com.adamblair.HarnessTests;
				SDKROOT = auto;
				SUPPORTED_PLATFORMS = "iphoneos iphonesimulator macosx";
				SUPPORTS_MACCATALYST = NO;
				SUPPORTS_MAC_DESIGNED_FOR_IPHONE_IPAD = NO;
				SUPPORTS_XR_DESIGNED_FOR_IPHONE_IPAD = YES;
				TARGETED_DEVICE_FAMILY = "1,2";
				TEST_HOST = "$(BUILT_PRODUCTS_DIR)/Harness.app/Harness";
			};
			name = Release;
		};
		94B92EF382ECB9158B705277 /* Release */ = {
			isa = XCBuildConfiguration;
			buildSettings = {
				ALWAYS_SEARCH_USER_PATHS = NO;
				CLANG_ANALYZER_NONNULL = YES;
				CLANG_ANALYZER_NUMBER_OBJECT_CONVERSION = YES_AGGRESSIVE;
				CLANG_CXX_LANGUAGE_STANDARD = "gnu++14";
				CLANG_CXX_LIBRARY = "libc++";
				CLANG_ENABLE_MODULES = YES;
				CLANG_ENABLE_OBJC_ARC = YES;
				CLANG_ENABLE_OBJC_WEAK = YES;
				CLANG_WARN_BLOCK_CAPTURE_AUTORELEASING = YES;
				CLANG_WARN_BOOL_CONVERSION = YES;
				CLANG_WARN_COMMA = YES;
				CLANG_WARN_CONSTANT_CONVERSION = YES;
				CLANG_WARN_DEPRECATED_OBJC_IMPLEMENTATIONS = YES;
				CLANG_WARN_DIRECT_OBJC_ISA_USAGE = YES_ERROR;
				CLANG_WARN_DOCUMENTATION_COMMENTS = YES;
				CLANG_WARN_EMPTY_BODY = YES;
				CLANG_WARN_ENUM_CONVERSION = YES;
				CLANG_WARN_INFINITE_RECURSION = YES;
				CLANG_WARN_INT_CONVERSION = YES;
				CLANG_WARN_NON_LITERAL_NULL_CONVERSION = YES;
				CLANG_WARN_OBJC_IMPLICIT_RETAIN_SELF = YES;
				CLANG_WARN_OBJC_LITERAL_CONVERSION = YES;
				CLANG_WARN_OBJC_ROOT_CLASS = YES_ERROR;
				CLANG_WARN_QUOTED_INCLUDE_IN_FRAMEWORK_HEADER = YES;
				CLANG_WARN_RANGE_LOOP_ANALYSIS = YES;
				CLANG_WARN_STRICT_PROTOTYPES = YES;
				CLANG_WARN_SUSPICIOUS_MOVE = YES;
				CLANG_WARN_UNGUARDED_AVAILABILITY = YES_AGGRESSIVE;
				CLANG_WARN_UNREACHABLE_CODE = YES;
				CLANG_WARN__DUPLICATE_METHOD_MATCH = YES;
				COPY_PHASE_STRIP = NO;
				DEBUG_INFORMATION_FORMAT = "dwarf-with-dsym";
				ENABLE_NS_ASSERTIONS = NO;
				ENABLE_STRICT_OBJC_MSGSEND = YES;
				GCC_C_LANGUAGE_STANDARD = gnu11;
				GCC_NO_COMMON_BLOCKS = YES;
				GCC_WARN_64_TO_32_BIT_CONVERSION = YES;
				GCC_WARN_ABOUT_RETURN_TYPE = YES_ERROR;
				GCC_WARN_UNDECLARED_SELECTOR = YES;
				GCC_WARN_UNINITIALIZED_AUTOS = YES_AGGRESSIVE;
				GCC_WARN_UNUSED_FUNCTION = YES;
				GCC_WARN_UNUSED_VARIABLE = YES;
				IPHONEOS_DEPLOYMENT_TARGET = 17.0;
				MACOSX_DEPLOYMENT_TARGET = 14.0;
				MTL_ENABLE_DEBUG_INFO = NO;
				MTL_FAST_MATH = YES;
				PRODUCT_NAME = "$(TARGET_NAME)";
				SDKROOT = auto;
				SWIFT_COMPILATION_MODE = wholemodule;
				SWIFT_OPTIMIZATION_LEVEL = "-O";
				SWIFT_VERSION = 5.0;
			};
			name = Release;
		};
		A694A26AFD9C264E01D3F604 /* Debug */ = {
			isa = XCBuildConfiguration;
			buildSettings = {
				ASSETCATALOG_COMPILER_APPICON_NAME = AppIcon;
				ASSETCATALOG_COMPILER_GLOBAL_ACCENT_COLOR_NAME = AccentColor;
				CODE_SIGNING_ALLOWED = NO;
				CODE_SIGN_ENTITLEMENTS = Sources/Harness/Harness.entitlements;
				CODE_SIGN_IDENTITY = "iPhone Developer";
				CURRENT_PROJECT_VERSION = 1;
				ENABLE_PREVIEWS = YES;
				GENERATE_INFOPLIST_FILE = YES;
				INFOPLIST_FILE = Generated/Info.plist;
				LD_RUNPATH_SEARCH_PATHS = (
					"$(inherited)",
					"@executable_path/Frameworks",
				);
				MARKETING_VERSION = 1.0;
				PRODUCT_BUNDLE_IDENTIFIER = com.adamblair.Harness;
				SDKROOT = auto;
				SUPPORTED_PLATFORMS = "iphoneos iphonesimulator macosx";
				SUPPORTS_MACCATALYST = NO;
				SUPPORTS_MAC_DESIGNED_FOR_IPHONE_IPAD = NO;
				SUPPORTS_XR_DESIGNED_FOR_IPHONE_IPAD = YES;
				SWIFT_VERSION = 5.9;
				TARGETED_DEVICE_FAMILY = "1,2";
			};
			name = Debug;
		};
/* End XCBuildConfiguration section */

/* Begin XCConfigurationList section */
		A150339E1BCB4CEBF06194A2 /* Build configuration list for PBXNativeTarget "HarnessTests" */ = {
			isa = XCConfigurationList;
			buildConfigurations = (
				710D9584F235CD31C13ABB0B /* Debug */,
				7738416D11E0E2BC18A32893 /* Release */,
			);
			defaultConfigurationIsVisible = 0;
			defaultConfigurationName = Debug;
		};
		C6F05FE989F73732C255F5CA /* Build configuration list for PBXNativeTarget "Harness" */ = {
			isa = XCConfigurationList;
			buildConfigurations = (
				A694A26AFD9C264E01D3F604 /* Debug */,
				3801847D37DBC7ABC9DE5931 /* Release */,
			);
			defaultConfigurationIsVisible = 0;
			defaultConfigurationName = Debug;
		};
		EFDC44680DE6372609389CE8 /* Build configuration list for PBXProject "Harness" */ = {
			isa = XCConfigurationList;
			buildConfigurations = (
				26A7E8C4A6E878110EB346AB /* Debug */,
				94B92EF382ECB9158B705277 /* Release */,
			);
			defaultConfigurationIsVisible = 0;
			defaultConfigurationName = Debug;
		};
/* End XCConfigurationList section */

/* Begin XCLocalSwiftPackageReference section */
		48EFD433CA701D287A42151C /* XCLocalSwiftPackageReference "Packages/OntologyKit" */ = {
			isa = XCLocalSwiftPackageReference;
			relativePath = Packages/OntologyKit;
		};
/* End XCLocalSwiftPackageReference section */

/* Begin XCSwiftPackageProductDependency section */
		60C9BB1EB13A1E98AED1E04C /* OntologyKit */ = {
			isa = XCSwiftPackageProductDependency;
			productName = OntologyKit;
		};
		666FAD7B550ACAF687EBB155 /* OntologyKit */ = {
			isa = XCSwiftPackageProductDependency;
			productName = OntologyKit;
		};
/* End XCSwiftPackageProductDependency section */
	};
	rootObject = 632666F4A8537121A1E942DC /* Project object */;
}
